
Microsoft Visual Studio Solution File, Format Version 12.00
# Visual Studio 14
VisualStudioVersion = 14.0.24720.0
MinimumVisualStudioVersion = 10.0.40219.1
Project("{FAE04EC0-301F-11D3-BF4B-00C04F79EFBC}") = "EbayMarketplaceCon", "EbayMarketplaceCon\EbayMarketplaceCon.csproj", "{0E442CAF-1BB4-41C5-9405-B4FE24FF0015}"
EndProject
Project("{FAE04EC0-301F-11D3-BF4B-00C04F79EFBC}") = "EbayService", "EbayService\EbayService.csproj", "{7BFA2192-A945-4A9F-9782-AD5AECA2F9F7}"
EndProject
Project("{FAE04EC0-301F-11D3-BF4B-00C04F79EFBC}") = "Db", "Db\Db.csproj", "{2C4365BB-8C30-46A1-B5E7-CA1736DBC612}"
EndProject
Project("{FAE04EC0-301F-11D3-BF4B-00C04F79EFBC}") = "EbayMarketplaceMdl", "EbayMarketplaceMdl\EbayMarketplaceMdl.csproj", "{434D9CDF-2CA4-4372-82AC-E10314C909FF}"
EndProject
Project("{FAE04EC0-301F-11D3-BF4B-00C04F79EFBC}") = "EbayComm", "EbayComm\EbayComm.csproj", "{5093B9C9-562C-4F07-9125-5BC5BB21DE3C}"
EndProject
Project("{FAE04EC0-301F-11D3-BF4B-00C04F79EFBC}") = "EbayInventoryCon", "EbayInventoryCon\EbayInventoryCon.csproj", "{7E3C1240-1571-4B5E-B2AC-D932098F4B11}"
EndProject
Project("{FAE04EC0-301F-11D3-BF4B-00C04F79EFBC}") = "EbayInventoryMdl", "EbayInventoryMdl\EbayInventoryMdl.csproj", "{45F105CD-1994-4FDF-90F2-2C551F0FBC2C}"
EndProject
Project("{FAE04EC0-301F-11D3-BF4B-00C04F79EFBC}") = "MarketplaceWinForm", "MarketplaceWinForm\MarketplaceWinForm.csproj", "{AB763CFE-8E7D-4D19-88E5-FC5897849750}"
EndProject
Project("{FAE04EC0-301F-11D3-BF4B-00C04F79EFBC}") = "MarketplaceMdl", "MarketplaceMdl\MarketplaceMdl.csproj", "{610CC0D5-80E2-4B8D-A793-5C6F2AB836A2}"
EndProject
Project("{FAE04EC0-301F-11D3-BF4B-00C04F79EFBC}") = "MarketplaceDb", "MarketplaceDb\MarketplaceDb.csproj", "{28D709F6-A0D6-4DFF-A70B-06572F2E3E1F}"
EndProject
Project("{FAE04EC0-301F-11D3-BF4B-00C04F79EFBC}") = "AmazonMarketplaceCon", "AmazonMarketplaceCon\AmazonMarketplaceCon.csproj", "{3A5E7400-B9B2-4C64-A6E3-B6AC7D8064A7}"
EndProject
Project("{FAE04EC0-301F-11D3-BF4B-00C04F79EFBC}") = "AmazonService", "AmazonService\AmazonService.csproj", "{6976668A-EFBC-44F7-89C0-FA900CC4C45E}"
EndProject
Project("{FAE04EC0-301F-11D3-BF4B-00C04F79EFBC}") = "AmazonMarketplaceMdl", "AmazonMarketplaceMdl\AmazonMarketplaceMdl.csproj", "{1CEA51DD-F3B6-4C14-8FB9-F1E604DA2236}"
EndProject
Project("{FAE04EC0-301F-11D3-BF4B-00C04F79EFBC}") = "AmazonMarketplaceComm", "AmazonMarketplaceComm\AmazonMarketplaceComm.csproj", "{29E20EF0-45FC-4A7D-A084-E31ABE3871D6}"
EndProject
Project("{FAE04EC0-301F-11D3-BF4B-00C04F79EFBC}") = "EbayUploadTrackingCon", "EbayUploadTrackingCon\EbayUploadTrackingCon.csproj", "{1B903F54-3687-4BEF-BDC7-9C5733D01655}"
EndProject
Project("{FAE04EC0-301F-11D3-BF4B-00C04F79EFBC}") = "AmazonUploadTracking", "AmazonUploadTracking\AmazonUploadTracking.csproj", "{AFCE5364-6259-4EFB-8997-6B8F231AF653}"
EndProject
Project("{FAE04EC0-301F-11D3-BF4B-00C04F79EFBC}") = "AmazonInventoryCon", "AmazonInventoryCon\AmazonInventoryCon.csproj", "{0DCC13CF-3BBF-4B6B-A798-7FF6F1C2C933}"
EndProject
Global
	GlobalSection(SolutionConfigurationPlatforms) = preSolution
		Debug|Any CPU = Debug|Any CPU
		Release|Any CPU = Release|Any CPU
	EndGlobalSection
	GlobalSection(ProjectConfigurationPlatforms) = postSolution
		{0E442CAF-1BB4-41C5-9405-B4FE24FF0015}.Debug|Any CPU.ActiveCfg = Debug|Any CPU
		{0E442CAF-1BB4-41C5-9405-B4FE24FF0015}.Debug|Any CPU.Build.0 = Debug|Any CPU
		{0E442CAF-1BB4-41C5-9405-B4FE24FF0015}.Release|Any CPU.ActiveCfg = Release|Any CPU
		{0E442CAF-1BB4-41C5-9405-B4FE24FF0015}.Release|Any CPU.Build.0 = Release|Any CPU
		{7BFA2192-A945-4A9F-9782-AD5AECA2F9F7}.Debug|Any CPU.ActiveCfg = Debug|Any CPU
		{7BFA2192-A945-4A9F-9782-AD5AECA2F9F7}.Debug|Any CPU.Build.0 = Debug|Any CPU
		{7BFA2192-A945-4A9F-9782-AD5AECA2F9F7}.Release|Any CPU.ActiveCfg = Release|Any CPU
		{7BFA2192-A945-4A9F-9782-AD5AECA2F9F7}.Release|Any CPU.Build.0 = Release|Any CPU
		{2C4365BB-8C30-46A1-B5E7-CA1736DBC612}.Debug|Any CPU.ActiveCfg = Debug|Any CPU
		{2C4365BB-8C30-46A1-B5E7-CA1736DBC612}.Debug|Any CPU.Build.0 = Debug|Any CPU
		{2C4365BB-8C30-46A1-B5E7-CA1736DBC612}.Release|Any CPU.ActiveCfg = Release|Any CPU
		{2C4365BB-8C30-46A1-B5E7-CA1736DBC612}.Release|Any CPU.Build.0 = Release|Any CPU
		{434D9CDF-2CA4-4372-82AC-E10314C909FF}.Debug|Any CPU.ActiveCfg = Debug|Any CPU
		{434D9CDF-2CA4-4372-82AC-E10314C909FF}.Debug|Any CPU.Build.0 = Debug|Any CPU
		{434D9CDF-2CA4-4372-82AC-E10314C909FF}.Release|Any CPU.ActiveCfg = Release|Any CPU
		{434D9CDF-2CA4-4372-82AC-E10314C909FF}.Release|Any CPU.Build.0 = Release|Any CPU
		{5093B9C9-562C-4F07-9125-5BC5BB21DE3C}.Debug|Any CPU.ActiveCfg = Debug|Any CPU
		{5093B9C9-562C-4F07-9125-5BC5BB21DE3C}.Debug|Any CPU.Build.0 = Debug|Any CPU
		{5093B9C9-562C-4F07-9125-5BC5BB21DE3C}.Release|Any CPU.ActiveCfg = Release|Any CPU
		{5093B9C9-562C-4F07-9125-5BC5BB21DE3C}.Release|Any CPU.Build.0 = Release|Any CPU
		{7E3C1240-1571-4B5E-B2AC-D932098F4B11}.Debug|Any CPU.ActiveCfg = Debug|Any CPU
		{7E3C1240-1571-4B5E-B2AC-D932098F4B11}.Debug|Any CPU.Build.0 = Debug|Any CPU
		{7E3C1240-1571-4B5E-B2AC-D932098F4B11}.Release|Any CPU.ActiveCfg = Release|Any CPU
		{7E3C1240-1571-4B5E-B2AC-D932098F4B11}.Release|Any CPU.Build.0 = Release|Any CPU
		{45F105CD-1994-4FDF-90F2-2C551F0FBC2C}.Debug|Any CPU.ActiveCfg = Debug|Any CPU
		{45F105CD-1994-4FDF-90F2-2C551F0FBC2C}.Debug|Any CPU.Build.0 = Debug|Any CPU
		{45F105CD-1994-4FDF-90F2-2C551F0FBC2C}.Release|Any CPU.ActiveCfg = Release|Any CPU
		{45F105CD-1994-4FDF-90F2-2C551F0FBC2C}.Release|Any CPU.Build.0 = Release|Any CPU
		{AB763CFE-8E7D-4D19-88E5-FC5897849750}.Debug|Any CPU.ActiveCfg = Debug|Any CPU
		{AB763CFE-8E7D-4D19-88E5-FC5897849750}.Debug|Any CPU.Build.0 = Debug|Any CPU
		{AB763CFE-8E7D-4D19-88E5-FC5897849750}.Release|Any CPU.ActiveCfg = Release|Any CPU
		{AB763CFE-8E7D-4D19-88E5-FC5897849750}.Release|Any CPU.Build.0 = Release|Any CPU
		{610CC0D5-80E2-4B8D-A793-5C6F2AB836A2}.Debug|Any CPU.ActiveCfg = Debug|Any CPU
		{610CC0D5-80E2-4B8D-A793-5C6F2AB836A2}.Debug|Any CPU.Build.0 = Debug|Any CPU
		{610CC0D5-80E2-4B8D-A793-5C6F2AB836A2}.Release|Any CPU.ActiveCfg = Release|Any CPU
		{610CC0D5-80E2-4B8D-A793-5C6F2AB836A2}.Release|Any CPU.Build.0 = Release|Any CPU
		{28D709F6-A0D6-4DFF-A70B-06572F2E3E1F}.Debug|Any CPU.ActiveCfg = Debug|Any CPU
		{28D709F6-A0D6-4DFF-A70B-06572F2E3E1F}.Debug|Any CPU.Build.0 = Debug|Any CPU
		{28D709F6-A0D6-4DFF-A70B-06572F2E3E1F}.Release|Any CPU.ActiveCfg = Release|Any CPU
		{28D709F6-A0D6-4DFF-A70B-06572F2E3E1F}.Release|Any CPU.Build.0 = Release|Any CPU
		{3A5E7400-B9B2-4C64-A6E3-B6AC7D8064A7}.Debug|Any CPU.ActiveCfg = Debug|Any CPU
		{3A5E7400-B9B2-4C64-A6E3-B6AC7D8064A7}.Debug|Any CPU.Build.0 = Debug|Any CPU
		{3A5E7400-B9B2-4C64-A6E3-B6AC7D8064A7}.Release|Any CPU.ActiveCfg = Release|Any CPU
		{3A5E7400-B9B2-4C64-A6E3-B6AC7D8064A7}.Release|Any CPU.Build.0 = Release|Any CPU
		{6976668A-EFBC-44F7-89C0-FA900CC4C45E}.Debug|Any CPU.ActiveCfg = Debug|Any CPU
		{6976668A-EFBC-44F7-89C0-FA900CC4C45E}.Debug|Any CPU.Build.0 = Debug|Any CPU
		{6976668A-EFBC-44F7-89C0-FA900CC4C45E}.Release|Any CPU.ActiveCfg = Release|Any CPU
		{6976668A-EFBC-44F7-89C0-FA900CC4C45E}.Release|Any CPU.Build.0 = Release|Any CPU
		{1CEA51DD-F3B6-4C14-8FB9-F1E604DA2236}.Debug|Any CPU.ActiveCfg = Debug|Any CPU
		{1CEA51DD-F3B6-4C14-8FB9-F1E604DA2236}.Debug|Any CPU.Build.0 = Debug|Any CPU
		{1CEA51DD-F3B6-4C14-8FB9-F1E604DA2236}.Release|Any CPU.ActiveCfg = Release|Any CPU
		{1CEA51DD-F3B6-4C14-8FB9-F1E604DA2236}.Release|Any CPU.Build.0 = Release|Any CPU
		{29E20EF0-45FC-4A7D-A084-E31ABE3871D6}.Debug|Any CPU.ActiveCfg = Debug|Any CPU
		{29E20EF0-45FC-4A7D-A084-E31ABE3871D6}.Debug|Any CPU.Build.0 = Debug|Any CPU
		{29E20EF0-45FC-4A7D-A084-E31ABE3871D6}.Release|Any CPU.ActiveCfg = Release|Any CPU
		{29E20EF0-45FC-4A7D-A084-E31ABE3871D6}.Release|Any CPU.Build.0 = Release|Any CPU
		{1B903F54-3687-4BEF-BDC7-9C5733D01655}.Debug|Any CPU.ActiveCfg = Debug|Any CPU
		{1B903F54-3687-4BEF-BDC7-9C5733D01655}.Debug|Any CPU.Build.0 = Debug|Any CPU
		{1B903F54-3687-4BEF-BDC7-9C5733D01655}.Release|Any CPU.ActiveCfg = Release|Any CPU
		{1B903F54-3687-4BEF-BDC7-9C5733D01655}.Release|Any CPU.Build.0 = Release|Any CPU
		{AFCE5364-6259-4EFB-8997-6B8F231AF653}.Debug|Any CPU.ActiveCfg = Debug|Any CPU
		{AFCE5364-6259-4EFB-8997-6B8F231AF653}.Debug|Any CPU.Build.0 = Debug|Any CPU
		{AFCE5364-6259-4EFB-8997-6B8F231AF653}.Release|Any CPU.ActiveCfg = Release|Any CPU
		{AFCE5364-6259-4EFB-8997-6B8F231AF653}.Release|Any CPU.Build.0 = Release|Any CPU
		{0DCC13CF-3BBF-4B6B-A798-7FF6F1C2C933}.Debug|Any CPU.ActiveCfg = Debug|Any CPU
		{0DCC13CF-3BBF-4B6B-A798-7FF6F1C2C933}.Debug|Any CPU.Build.0 = Debug|Any CPU
		{0DCC13CF-3BBF-4B6B-A798-7FF6F1C2C933}.Release|Any CPU.ActiveCfg = Release|Any CPU
		{0DCC13CF-3BBF-4B6B-A798-7FF6F1C2C933}.Release|Any CPU.Build.0 = Release|Any CPU
	EndGlobalSection
	GlobalSection(SolutionProperties) = preSolution
		HideSolutionNode = FALSE
	EndGlobalSection
EndGlobal
